
Microsoft Visual Studio Solution File, Format Version 12.00
# Visual Studio 2013
VisualStudioVersion = 12.0.40629.0
MinimumVisualStudioVersion = 10.0.40219.1
Project("{FAE04EC0-301F-11D3-BF4B-00C04F79EFBC}") = "MainApp", "MainApp\MainApp.csproj", "{8722FA20-EA59-4D4F-934B-DDF3C4B033A8}"
	ProjectSection(ProjectDependencies) = postProject
		{0F84624E-461E-4AC7-851F-BD2554B25C0E} = {0F84624E-461E-4AC7-851F-BD2554B25C0E}
	EndProjectSection
EndProject
Project("{FAE04EC0-301F-11D3-BF4B-00C04F79EFBC}") = "WindowsFramework", "WindowsFramework\WindowsFramework.csproj", "{0F84624E-461E-4AC7-851F-BD2554B25C0E}"
EndProject
Project("{8BC9CEB8-8B4A-11D0-8D11-00A0C91BC942}") = "NativeLogic", "NativeLogic\NativeLogic.vcxproj", "{1A475C86-311F-4122-81FA-11F6133222B7}"
	ProjectSection(ProjectDependencies) = postProject
		{302F7C40-4643-44BF-8D81-002936FC1BE1} = {302F7C40-4643-44BF-8D81-002936FC1BE1}
	EndProjectSection
EndProject
Project("{8BC9CEB8-8B4A-11D0-8D11-00A0C91BC942}") = "MonoWrapper", "MonoWrapper\MonoWrapper.vcxproj", "{302F7C40-4643-44BF-8D81-002936FC1BE1}"
EndProject
Global
	GlobalSection(SolutionConfigurationPlatforms) = preSolution
		Debug|Mixed Platforms = Debug|Mixed Platforms
		Debug|Win32 = Debug|Win32
		Debug|x86 = Debug|x86
		Release|Mixed Platforms = Release|Mixed Platforms
		Release|Win32 = Release|Win32
		Release|x86 = Release|x86
	EndGlobalSection
	GlobalSection(ProjectConfigurationPlatforms) = postSolution
		{8722FA20-EA59-4D4F-934B-DDF3C4B033A8}.Debug|Mixed Platforms.ActiveCfg = Debug|x86
		{8722FA20-EA59-4D4F-934B-DDF3C4B033A8}.Debug|Mixed Platforms.Build.0 = Debug|x86
		{8722FA20-EA59-4D4F-934B-DDF3C4B033A8}.Debug|Win32.ActiveCfg = Debug|x86
		{8722FA20-EA59-4D4F-934B-DDF3C4B033A8}.Debug|Win32.Build.0 = Debug|x86
		{8722FA20-EA59-4D4F-934B-DDF3C4B033A8}.Debug|x86.ActiveCfg = Debug|x86
		{8722FA20-EA59-4D4F-934B-DDF3C4B033A8}.Debug|x86.Build.0 = Debug|x86
		{8722FA20-EA59-4D4F-934B-DDF3C4B033A8}.Release|Mixed Platforms.ActiveCfg = Release|x86
		{8722FA20-EA59-4D4F-934B-DDF3C4B033A8}.Release|Mixed Platforms.Build.0 = Release|x86
		{8722FA20-EA59-4D4F-934B-DDF3C4B033A8}.Release|Win32.ActiveCfg = Release|x86
		{8722FA20-EA59-4D4F-934B-DDF3C4B033A8}.Release|Win32.Build.0 = Release|x86
		{8722FA20-EA59-4D4F-934B-DDF3C4B033A8}.Release|x86.ActiveCfg = Release|x86
		{8722FA20-EA59-4D4F-934B-DDF3C4B033A8}.Release|x86.Build.0 = Release|x86
		{0F84624E-461E-4AC7-851F-BD2554B25C0E}.Debug|Mixed Platforms.ActiveCfg = Debug|x86
		{0F84624E-461E-4AC7-851F-BD2554B25C0E}.Debug|Mixed Platforms.Build.0 = Debug|x86
		{0F84624E-461E-4AC7-851F-BD2554B25C0E}.Debug|Win32.ActiveCfg = Debug|x86
		{0F84624E-461E-4AC7-851F-BD2554B25C0E}.Debug|Win32.Build.0 = Debug|x86
		{0F84624E-461E-4AC7-851F-BD2554B25C0E}.Debug|x86.ActiveCfg = Debug|x86
		{0F84624E-461E-4AC7-851F-BD2554B25C0E}.Debug|x86.Build.0 = Debug|x86
		{0F84624E-461E-4AC7-851F-BD2554B25C0E}.Release|Mixed Platforms.ActiveCfg = Release|x86
		{0F84624E-461E-4AC7-851F-BD2554B25C0E}.Release|Mixed Platforms.Build.0 = Release|x86
		{0F84624E-461E-4AC7-851F-BD2554B25C0E}.Release|Win32.ActiveCfg = Release|x86
		{0F84624E-461E-4AC7-851F-BD2554B25C0E}.Release|Win32.Build.0 = Release|x86
		{0F84624E-461E-4AC7-851F-BD2554B25C0E}.Release|x86.ActiveCfg = Release|x86
		{0F84624E-461E-4AC7-851F-BD2554B25C0E}.Release|x86.Build.0 = Release|x86
		{1A475C86-311F-4122-81FA-11F6133222B7}.Debug|Mixed Platforms.ActiveCfg = Debug|Win32
		{1A475C86-311F-4122-81FA-11F6133222B7}.Debug|Mixed Platforms.Build.0 = Debug|Win32
		{1A475C86-311F-4122-81FA-11F6133222B7}.Debug|Win32.ActiveCfg = Debug|Win32
		{1A475C86-311F-4122-81FA-11F6133222B7}.Debug|Win32.Build.0 = Debug|Win32
		{1A475C86-311F-4122-81FA-11F6133222B7}.Debug|x86.ActiveCfg = Debug|Win32
		{1A475C86-311F-4122-81FA-11F6133222B7}.Debug|x86.Build.0 = Debug|Win32
		{1A475C86-311F-4122-81FA-11F6133222B7}.Release|Mixed Platforms.ActiveCfg = Release|Win32
		{1A475C86-311F-4122-81FA-11F6133222B7}.Release|Mixed Platforms.Build.0 = Release|Win32
		{1A475C86-311F-4122-81FA-11F6133222B7}.Release|Win32.ActiveCfg = Release|Win32
		{1A475C86-311F-4122-81FA-11F6133222B7}.Release|Win32.Build.0 = Release|Win32
		{1A475C86-311F-4122-81FA-11F6133222B7}.Release|x86.ActiveCfg = Release|Win32
		{1A475C86-311F-4122-81FA-11F6133222B7}.Release|x86.Build.0 = Release|Win32
		{302F7C40-4643-44BF-8D81-002936FC1BE1}.Debug|Mixed Platforms.ActiveCfg = Debug|Win32
		{302F7C40-4643-44BF-8D81-002936FC1BE1}.Debug|Mixed Platforms.Build.0 = Debug|Win32
		{302F7C40-4643-44BF-8D81-002936FC1BE1}.Debug|Win32.ActiveCfg = Debug|Win32
		{302F7C40-4643-44BF-8D81-002936FC1BE1}.Debug|Win32.Build.0 = Debug|Win32
		{302F7C40-4643-44BF-8D81-002936FC1BE1}.Debug|x86.ActiveCfg = Debug|Win32
		{302F7C40-4643-44BF-8D81-002936FC1BE1}.Debug|x86.Build.0 = Debug|Win32
		{302F7C40-4643-44BF-8D81-002936FC1BE1}.Release|Mixed Platforms.ActiveCfg = Release|Win32
		{302F7C40-4643-44BF-8D81-002936FC1BE1}.Release|Mixed Platforms.Build.0 = Release|Win32
		{302F7C40-4643-44BF-8D81-002936FC1BE1}.Release|Win32.ActiveCfg = Release|Win32
		{302F7C40-4643-44BF-8D81-002936FC1BE1}.Release|Win32.Build.0 = Release|Win32
		{302F7C40-4643-44BF-8D81-002936FC1BE1}.Release|x86.ActiveCfg = Release|Win32
		{302F7C40-4643-44BF-8D81-002936FC1BE1}.Release|x86.Build.0 = Release|Win32
	EndGlobalSection
	GlobalSection(SolutionProperties) = preSolution
		HideSolutionNode = FALSE
	EndGlobalSection
EndGlobal
