<?xml version="1.0" encoding="utf-8"?>
<Project ToolsVersion="4.0" xmlns="http://schemas.microsoft.com/developer/msbuild/2003">
  <ItemGroup>
    <Filter Include="System">
      <UniqueIdentifier>{c2ab1c28-499d-41b5-aead-23807bef97ac}</UniqueIdentifier>
    </Filter>
    <Filter Include="Graphic">
      <UniqueIdentifier>{8403870f-7c8f-4072-b863-eeb9b07c3e48}</UniqueIdentifier>
    </Filter>
    <Filter Include="DataType">
      <UniqueIdentifier>{a6689b86-b83c-4dd3-a3ab-02bdc96fa945}</UniqueIdentifier>
    </Filter>
    <Filter Include="Controller">
      <UniqueIdentifier>{c1a6b554-0131-436f-8c16-af315250fc0b}</UniqueIdentifier>
    </Filter>
  </ItemGroup>
  <ItemGroup>
    <ClInclude Include="resource.h">
      <Filter>System</Filter>
    </ClInclude>
    <ClInclude Include="Stdafx.h">
      <Filter>System</Filter>
    </ClInclude>
    <ClInclude Include="src\DLLFlag.h" />
    <ClInclude Include="include\DLLFlag.h" />
    <ClInclude Include="include\MonoTexture.h">
      <Filter>Graphic</Filter>
    </ClInclude>
    <ClInclude Include="include\MonoMatrix.h">
      <Filter>DataType</Filter>
    </ClInclude>
    <ClInclude Include="include\MonoVector.h">
      <Filter>DataType</Filter>
    </ClInclude>
    <ClInclude Include="include\MonoRectangle.h">
      <Filter>DataType</Filter>
    </ClInclude>
    <ClInclude Include="include\MonoKeyboard.h">
      <Filter>Controller</Filter>
    </ClInclude>
  </ItemGroup>
  <ItemGroup>
    <ClCompile Include="Stdafx.cpp">
      <Filter>System</Filter>
    </ClCompile>
    <ClCompile Include="AssemblyInfo.cpp">
      <Filter>System</Filter>
    </ClCompile>
    <ClCompile Include="src\MonoTexture.cpp">
      <Filter>Graphic</Filter>
    </ClCompile>
    <ClCompile Include="src\MonoMatrix.cpp">
      <Filter>DataType</Filter>
    </ClCompile>
    <ClCompile Include="src\MonoVector.cpp">
      <Filter>DataType</Filter>
    </ClCompile>
    <ClCompile Include="src\MonoRectangle.cpp">
      <Filter>DataType</Filter>
    </ClCompile>
    <ClCompile Include="src\MonoKeyboard.cpp">
      <Filter>Controller</Filter>
    </ClCompile>
  </ItemGroup>
  <ItemGroup>
    <Text Include="ReadMe.txt">
      <Filter>System</Filter>
    </Text>
  </ItemGroup>
</Project>